version: 6
environments:
  default:
    channels:
    - url: https://conda.anaconda.org/conda-forge/
    packages:
      win-64:
      - conda: https://conda.anaconda.org/conda-forge/noarch/appdirs-1.4.4-pyhd8ed1ab_1.conda
      - conda: https://conda.anaconda.org/conda-forge/noarch/attrs-24.3.0-pyh71513ae_0.conda
      - conda: https://conda.anaconda.org/conda-forge/noarch/automat-24.8.1-pyhd8ed1ab_1.conda
      - conda: https://conda.anaconda.org/conda-forge/win-64/bcrypt-4.2.1-py313hf3b5b86_0.conda
      - conda: https://conda.anaconda.org/conda-forge/win-64/brotli-python-1.1.0-py313h5813708_2.conda
      - conda: https://conda.anaconda.org/conda-forge/win-64/bzip2-1.0.8-h2466b09_7.conda
      - conda: https://conda.anaconda.org/conda-forge/win-64/ca-certificates-2024.12.14-h56e8100_0.conda
      - conda: https://conda.anaconda.org/conda-forge/noarch/certifi-2024.12.14-pyhd8ed1ab_0.conda
      - conda: https://conda.anaconda.org/conda-forge/win-64/cffi-1.17.1-py313ha7868ed_0.conda
      - conda: https://conda.anaconda.org/conda-forge/noarch/charset-normalizer-3.4.0-pyhd8ed1ab_1.conda
      - conda: https://conda.anaconda.org/conda-forge/noarch/constantly-15.1.0-py_0.tar.bz2
      - conda: https://conda.anaconda.org/conda-forge/win-64/cryptography-44.0.0-py313h9d39bda_0.conda
      - conda: https://conda.anaconda.org/conda-forge/noarch/cssselect-1.2.0-pyhd8ed1ab_0.tar.bz2
      - conda: https://conda.anaconda.org/conda-forge/noarch/defusedxml-0.7.1-pyhd8ed1ab_0.tar.bz2
      - conda: https://conda.anaconda.org/conda-forge/noarch/filelock-3.16.1-pyhd8ed1ab_1.conda
      - conda: https://conda.anaconda.org/conda-forge/noarch/h2-4.1.0-pyhd8ed1ab_1.conda
      - conda: https://conda.anaconda.org/conda-forge/noarch/hpack-4.0.0-pyhd8ed1ab_1.conda
      - conda: https://conda.anaconda.org/conda-forge/noarch/hyperframe-6.0.1-pyhd8ed1ab_1.conda
      - conda: https://conda.anaconda.org/conda-forge/noarch/hyperlink-21.0.0-pyh29332c3_1.conda
      - conda: https://conda.anaconda.org/conda-forge/noarch/idna-3.10-pyhd8ed1ab_1.conda
      - conda: https://conda.anaconda.org/conda-forge/noarch/incremental-24.7.2-pyhd8ed1ab_1.conda
      - conda: https://conda.anaconda.org/conda-forge/noarch/itemadapter-0.10.0-pyhd8ed1ab_0.conda
      - conda: https://conda.anaconda.org/conda-forge/noarch/itemloaders-1.3.2-pyhd8ed1ab_0.conda
      - conda: https://conda.anaconda.org/conda-forge/noarch/jmespath-1.0.1-pyhd8ed1ab_1.conda
      - conda: https://conda.anaconda.org/conda-forge/win-64/libexpat-2.6.4-he0c23c2_0.conda
      - conda: https://conda.anaconda.org/conda-forge/win-64/libffi-3.4.2-h8ffe710_5.tar.bz2
      - conda: https://conda.anaconda.org/conda-forge/win-64/libiconv-1.17-hcfcfb64_2.conda
      - conda: https://conda.anaconda.org/conda-forge/win-64/liblzma-5.6.3-h2466b09_1.conda
      - conda: https://conda.anaconda.org/conda-forge/win-64/libmpdec-4.0.0-h2466b09_0.conda
      - conda: https://conda.anaconda.org/conda-forge/win-64/libsqlite-3.47.2-h67fdade_0.conda
      - conda: https://conda.anaconda.org/conda-forge/win-64/libxml2-2.13.5-he286e8c_1.conda
      - conda: https://conda.anaconda.org/conda-forge/win-64/libxslt-1.1.39-h3df6e99_0.conda
      - conda: https://conda.anaconda.org/conda-forge/win-64/libzlib-1.3.1-h2466b09_2.conda
      - conda: https://conda.anaconda.org/conda-forge/win-64/lxml-5.3.0-py313hd92aa1b_2.conda
      - conda: https://conda.anaconda.org/conda-forge/win-64/openssl-3.4.0-h2466b09_0.conda
      - conda: https://conda.anaconda.org/conda-forge/noarch/packaging-24.2-pyhd8ed1ab_2.conda
      - conda: https://conda.anaconda.org/conda-forge/noarch/parsel-1.9.1-pyhd8ed1ab_2.conda
      - conda: https://conda.anaconda.org/conda-forge/noarch/pip-24.3.1-pyh145f28c_2.conda
      - conda: https://conda.anaconda.org/conda-forge/noarch/protego-0.3.1-pyhd8ed1ab_0.conda
      - conda: https://conda.anaconda.org/conda-forge/noarch/pyasn1-0.6.1-pyhd8ed1ab_2.conda
      - conda: https://conda.anaconda.org/conda-forge/noarch/pyasn1-modules-0.4.1-pyhd8ed1ab_1.conda
      - conda: https://conda.anaconda.org/conda-forge/noarch/pycparser-2.22-pyh29332c3_1.conda
      - conda: https://conda.anaconda.org/conda-forge/noarch/pydispatcher-2.0.5-py_1.tar.bz2
      - conda: https://conda.anaconda.org/conda-forge/noarch/pyopenssl-24.3.0-pyhd8ed1ab_0.conda
      - conda: https://conda.anaconda.org/conda-forge/noarch/pysocks-1.7.1-pyh09c184e_7.conda
      - conda: https://conda.anaconda.org/conda-forge/win-64/python-3.13.1-h071d269_102_cp313.conda
      - conda: https://conda.anaconda.org/conda-forge/win-64/python_abi-3.13-5_cp313.conda
      - conda: https://conda.anaconda.org/conda-forge/win-64/pywin32-307-py313h5813708_3.conda
      - conda: https://conda.anaconda.org/conda-forge/noarch/queuelib-1.7.0-pyhd8ed1ab_1.conda
      - conda: https://conda.anaconda.org/conda-forge/noarch/requests-2.32.3-pyhd8ed1ab_1.conda
      - conda: https://conda.anaconda.org/conda-forge/noarch/requests-file-2.1.0-pyhd8ed1ab_1.conda
      - conda: https://conda.anaconda.org/conda-forge/win-64/scrapy-2.12.0-py313hfa70ccb_1.conda
      - conda: https://conda.anaconda.org/conda-forge/noarch/service-identity-24.2.0-pyha770c72_1.conda
      - conda: https://conda.anaconda.org/conda-forge/noarch/service_identity-24.2.0-hd8ed1ab_1.conda
      - conda: https://conda.anaconda.org/conda-forge/noarch/setuptools-75.6.0-pyhff2d567_1.conda
      - conda: https://conda.anaconda.org/conda-forge/noarch/six-1.17.0-pyhd8ed1ab_0.conda
      - conda: https://conda.anaconda.org/conda-forge/win-64/tk-8.6.13-h5226925_1.conda
      - conda: https://conda.anaconda.org/conda-forge/noarch/tldextract-5.1.3-pyhd8ed1ab_1.conda
      - conda: https://conda.anaconda.org/conda-forge/noarch/tomli-2.2.1-pyhd8ed1ab_1.conda
      - conda: https://conda.anaconda.org/conda-forge/win-64/twisted-24.11.0-py313ha7868ed_0.conda
      - conda: https://conda.anaconda.org/conda-forge/win-64/twisted-iocpsupport-1.0.4-py313ha7868ed_2.conda
      - conda: https://conda.anaconda.org/conda-forge/noarch/typing-extensions-4.12.2-hd8ed1ab_1.conda
      - conda: https://conda.anaconda.org/conda-forge/noarch/typing_extensions-4.12.2-pyha770c72_1.conda
      - conda: https://conda.anaconda.org/conda-forge/noarch/tzdata-2024b-hc8b5060_0.conda
      - conda: https://conda.anaconda.org/conda-forge/win-64/ucrt-10.0.22621.0-h57928b3_1.conda
      - conda: https://conda.anaconda.org/conda-forge/noarch/urllib3-2.3.0-pyhd8ed1ab_0.conda
      - conda: https://conda.anaconda.org/conda-forge/win-64/vc-14.3-ha32ba9b_23.conda
      - conda: https://conda.anaconda.org/conda-forge/win-64/vc14_runtime-14.42.34433-he29a5d6_23.conda
      - conda: https://conda.anaconda.org/conda-forge/win-64/vs2015_runtime-14.42.34433-hdffcdeb_23.conda
      - conda: https://conda.anaconda.org/conda-forge/noarch/w3lib-2.2.1-pyhd8ed1ab_0.conda
      - conda: https://conda.anaconda.org/conda-forge/noarch/win_inet_pton-1.1.0-pyh7428d3b_8.conda
      - conda: https://conda.anaconda.org/conda-forge/win-64/zope.interface-7.2-py313ha7868ed_0.conda
      - conda: https://conda.anaconda.org/conda-forge/win-64/zstandard-0.23.0-py313h574b89f_1.conda
      - conda: https://conda.anaconda.org/conda-forge/win-64/zstd-1.5.6-h0ea2cb4_0.conda
packages:
- conda: https://conda.anaconda.org/conda-forge/noarch/appdirs-1.4.4-pyhd8ed1ab_1.conda
  sha256: 5b9ef6d338525b332e17c3ed089ca2f53a5d74b7a7b432747d29c6466e39346d
  md5: f4e90937bbfc3a4a92539545a37bb448
  depends:
  - python >=3.9
  license: MIT
  license_family: MIT
  size: 14835
  timestamp: 1733754069532
- conda: https://conda.anaconda.org/conda-forge/noarch/attrs-24.3.0-pyh71513ae_0.conda
  sha256: 750186af694a7130eaf7119fbb56db0d2326d8995ad5b8eae23c622b85fea29a
  md5: 356927ace43302bf6f5926e2a58dae6a
  depends:
  - python >=3.9
  license: MIT
  license_family: MIT
  size: 56354
  timestamp: 1734348889193
- conda: https://conda.anaconda.org/conda-forge/noarch/automat-24.8.1-pyhd8ed1ab_1.conda
  sha256: 380b65d0718e7133477f50cbe0a7d6373c71bc81b1b22cd21a54e040498271cd
  md5: 318b06819497601b7d26da8e78680ad7
  depends:
  - attrs >=19.2.0
  - python >=3.9
  - six
  license: MIT
  license_family: MIT
  size: 41179
  timestamp: 1734344826713
- conda: https://conda.anaconda.org/conda-forge/win-64/bcrypt-4.2.1-py313hf3b5b86_0.conda
  sha256: e9273a2c495663fa956b466f166bd5aba6a0e16f8a87ab0c5ff8ebff07d2bdc1
  md5: 0a96ce9b07b25404687f6660fc6e5a13
  depends:
  - python >=3.13,<3.14.0a0
  - python_abi 3.13.* *_cp313
  - ucrt >=10.0.20348.0
  - vc >=14.2,<15
  - vc14_runtime >=14.29.30139
  arch: x86_64
  platform: win
  license: Apache-2.0
  license_family: Apache
  size: 144029
  timestamp: 1732075195674
- conda: https://conda.anaconda.org/conda-forge/win-64/brotli-python-1.1.0-py313h5813708_2.conda
  sha256: e89803147849d429f1ba3eec880b487c2cc4cac48a221079001a2ab1216f3709
  md5: c1a5d95bf18940d2b1d12f7bf2fb589b
  depends:
  - python >=3.13.0rc1,<3.14.0a0
  - python_abi 3.13.* *_cp313
  - ucrt >=10.0.20348.0
  - vc >=14.2,<15
  - vc14_runtime >=14.29.30139
  constrains:
  - libbrotlicommon 1.1.0 h2466b09_2
  arch: x86_64
  platform: win
  license: MIT
  license_family: MIT
  size: 322309
  timestamp: 1725268431915
- conda: https://conda.anaconda.org/conda-forge/win-64/bzip2-1.0.8-h2466b09_7.conda
  sha256: 35a5dad92e88fdd7fc405e864ec239486f4f31eec229e31686e61a140a8e573b
  md5: 276e7ffe9ffe39688abc665ef0f45596
  depends:
  - ucrt >=10.0.20348.0
  - vc >=14.2,<15
  - vc14_runtime >=14.29.30139
  arch: x86_64
  platform: win
  license: bzip2-1.0.6
  license_family: BSD
  size: 54927
  timestamp: 1720974860185
- conda: https://conda.anaconda.org/conda-forge/win-64/ca-certificates-2024.12.14-h56e8100_0.conda
  sha256: 424d82db36cd26234bc4772426170efd60e888c2aed0099a257a95e131683a5e
  md5: cb2eaeb88549ddb27af533eccf9a45c1
  arch: x86_64
  platform: win
  license: ISC
  size: 157422
  timestamp: 1734208404685
- conda: https://conda.anaconda.org/conda-forge/noarch/certifi-2024.12.14-pyhd8ed1ab_0.conda
  sha256: 048c16a9cbcb1fbad02083414d3bc7c1d0eea4b39aee6aa6bf8d1d5089ca8bad
  md5: 6feb87357ecd66733be3279f16a8c400
  depends:
  - python >=3.9
  license: ISC
  size: 161642
  timestamp: 1734380604767
- conda: https://conda.anaconda.org/conda-forge/win-64/cffi-1.17.1-py313ha7868ed_0.conda
  sha256: b19f581fe423858f1f477c52e10978be324c55ebf2e418308d30d013f4a476ff
  md5: 519a29d7ac273f8c165efc0af099da42
  depends:
  - pycparser
  - python >=3.13.0rc1,<3.14.0a0
  - python_abi 3.13.* *_cp313
  - ucrt >=10.0.20348.0
  - vc >=14.2,<15
  - vc14_runtime >=14.29.30139
  arch: x86_64
  platform: win
  license: MIT
  license_family: MIT
  size: 291828
  timestamp: 1725561211547
- conda: https://conda.anaconda.org/conda-forge/noarch/charset-normalizer-3.4.0-pyhd8ed1ab_1.conda
  sha256: 63022ee2c6a157a9f980250a66f54bdcdf5abee817348d0f9a74c2441a6fbf0e
  md5: 6581a17bba6b948bb60130026404a9d6
  depends:
  - python >=3.9
  license: MIT
  license_family: MIT
  size: 47533
  timestamp: 1733218182393
- conda: https://conda.anaconda.org/conda-forge/noarch/constantly-15.1.0-py_0.tar.bz2
  sha256: 8b81db2dc9b821f4eb714226127827171e392d0760db89926996d89a04ea3385
  md5: 6cc019fc01a1e9ea7eb0bfccfc6c9d2d
  depends:
  - python
  license: MIT
  license_family: MIT
  size: 8978
- conda: https://conda.anaconda.org/conda-forge/win-64/cryptography-44.0.0-py313h9d39bda_0.conda
  sha256: 95d9381ba51f2edeb810c2287cf5cc5983e5b92d7bc06decf719ce3bab0ecdab
  md5: 8a4b62d9aee534cec680dab21543dde6
  depends:
  - cffi >=1.12
  - openssl >=3.4.0,<4.0a0
  - python >=3.13,<3.14.0a0
  - python_abi 3.13.* *_cp313
  - ucrt >=10.0.20348.0
  - vc >=14.2,<15
  - vc14_runtime >=14.29.30139
  arch: x86_64
  platform: win
  license: Apache-2.0 AND BSD-3-Clause AND PSF-2.0 AND MIT
  license_family: BSD
  size: 1347877
  timestamp: 1732746751526
- conda: https://conda.anaconda.org/conda-forge/noarch/cssselect-1.2.0-pyhd8ed1ab_0.tar.bz2
  sha256: be04edb6ae6fffbe891cd5acc4c755e5a69f0d0fbab0d9dbe3496f55d737b086
  md5: a89ece27cf07711a44465fe954fb8f1c
  depends:
  - python >=3.7
  license: BSD 3-Clause
  size: 21128
  timestamp: 1666980521670
- conda: https://conda.anaconda.org/conda-forge/noarch/defusedxml-0.7.1-pyhd8ed1ab_0.tar.bz2
  sha256: 9717a059677553562a8f38ff07f3b9f61727bd614f505658b0a5ecbcf8df89be
  md5: 961b3a227b437d82ad7054484cfa71b2
  depends:
  - python >=3.6
  license: PSF-2.0
  license_family: PSF
  size: 24062
  timestamp: 1615232388757
- conda: https://conda.anaconda.org/conda-forge/noarch/filelock-3.16.1-pyhd8ed1ab_1.conda
  sha256: 18dca6e2194732df7ebf824abaefe999e4765ebe8e8a061269406ab88fc418b9
  md5: d692e9ba6f92dc51484bf3477e36ce7c
  depends:
  - python >=3.9
  license: Unlicense
  size: 17441
  timestamp: 1733240909987
- conda: https://conda.anaconda.org/conda-forge/noarch/h2-4.1.0-pyhd8ed1ab_1.conda
  sha256: 843ddad410c370672a8250470697027618f104153612439076d4d7b91eeb7b5c
  md5: 825927dc7b0f287ef8d4d0011bb113b1
  depends:
  - hpack >=4.0,<5
  - hyperframe >=6.0,<7
  - python >=3.9
  license: MIT
  license_family: MIT
  size: 52000
  timestamp: 1733298867359
- conda: https://conda.anaconda.org/conda-forge/noarch/hpack-4.0.0-pyhd8ed1ab_1.conda
  sha256: ec89b7e5b8aa2f0219f666084446e1fb7b54545861e9caa892acb24d125761b5
  md5: 2aa5ff7fa34a81b9196532c84c10d865
  depends:
  - python >=3.9
  license: MIT
  license_family: MIT
  size: 29412
  timestamp: 1733299296857
- conda: https://conda.anaconda.org/conda-forge/noarch/hyperframe-6.0.1-pyhd8ed1ab_1.conda
  sha256: e91c6ef09d076e1d9a02819cd00fa7ee18ecf30cdd667605c853980216584d1b
  md5: 566e75c90c1d0c8c459eb0ad9833dc7a
  depends:
  - python >=3.9
  license: MIT
  license_family: MIT
  size: 17239
  timestamp: 1733298862681
- conda: https://conda.anaconda.org/conda-forge/noarch/hyperlink-21.0.0-pyh29332c3_1.conda
  sha256: 6fc0a91c590b3055bfb7983e6521c7b780ab8b11025058eaf898049ea827d829
  md5: c27acdecaf3c311e5781b81fe02d9641
  depends:
  - python >=3.9
  - idna >=2.6
  - python
  license: MIT
  license_family: MIT
  size: 74751
  timestamp: 1733319972207
- conda: https://conda.anaconda.org/conda-forge/noarch/idna-3.10-pyhd8ed1ab_1.conda
  sha256: d7a472c9fd479e2e8dcb83fb8d433fce971ea369d704ece380e876f9c3494e87
  md5: 39a4f67be3286c86d696df570b1201b7
  depends:
  - python >=3.9
  license: BSD-3-Clause
  license_family: BSD
  size: 49765
  timestamp: 1733211921194
- conda: https://conda.anaconda.org/conda-forge/noarch/incremental-24.7.2-pyhd8ed1ab_1.conda
  sha256: 62e50b022ca9fee56bd7972fe87c3223c6b01700ec45f7c93233a470ef7060a8
  md5: 9d7b8554e740ccc77ed23209f2232c97
  depends:
  - python >=3.9
  - setuptools >=61.0
  - tomli
  license: MIT
  license_family: MIT
  size: 23180
  timestamp: 1734273619752
- conda: https://conda.anaconda.org/conda-forge/noarch/itemadapter-0.10.0-pyhd8ed1ab_0.conda
  sha256: 201df13c7e9f8f2382137ae4bd4f6d0a800c12c1bdbb6b5d0d703f6c87bff314
  md5: 1b357c58da1d92f913f123dd74caca14
  depends:
  - python >=3.9
  license: BSD-3-Clause
  license_family: BSD
  size: 24403
  timestamp: 1732896920122
- conda: https://conda.anaconda.org/conda-forge/noarch/itemloaders-1.3.2-pyhd8ed1ab_0.conda
  sha256: 7ec8c0ff88079527e74ce10e6f3d84869d3069473c6c19ec4997cab2fe21119c
  md5: 8dde2747041a5ebffe539d445ac3969c
  depends:
  - itemadapter >=0.1.0
  - jmespath >=0.9.5
  - parsel >=1.5.0
  - python >=3.8
  license: BSD-3-Clause
  license_family: BSD
  size: 30321
  timestamp: 1727723264407
- conda: https://conda.anaconda.org/conda-forge/noarch/jmespath-1.0.1-pyhd8ed1ab_1.conda
  sha256: 3d2f20ee7fd731e3ff55c189db9c43231bc8bde957875817a609c227bcb295c6
  md5: 972bdca8f30147135f951847b30399ea
  depends:
  - python >=3.9
  license: MIT
  license_family: MIT
  size: 23708
  timestamp: 1733229244590
- conda: https://conda.anaconda.org/conda-forge/win-64/libexpat-2.6.4-he0c23c2_0.conda
  sha256: 0c0447bf20d1013d5603499de93a16b6faa92d7ead870d96305c0f065b6a5a12
  md5: eb383771c680aa792feb529eaf9df82f
  depends:
  - ucrt >=10.0.20348.0
  - vc >=14.2,<15
  - vc14_runtime >=14.29.30139
  constrains:
  - expat 2.6.4.*
  arch: x86_64
  platform: win
  license: MIT
  license_family: MIT
  size: 139068
  timestamp: 1730967442102
- conda: https://conda.anaconda.org/conda-forge/win-64/libffi-3.4.2-h8ffe710_5.tar.bz2
  sha256: 1951ab740f80660e9bc07d2ed3aefb874d78c107264fd810f24a1a6211d4b1a5
  md5: 2c96d1b6915b408893f9472569dee135
  depends:
  - vc >=14.1,<15.0a0
  - vs2015_runtime >=14.16.27012
  arch: x86_64
  platform: win
  license: MIT
  license_family: MIT
  size: 42063
  timestamp: 1636489106777
- conda: https://conda.anaconda.org/conda-forge/win-64/libiconv-1.17-hcfcfb64_2.conda
  sha256: 5f844dd19b046d43174ad80c6ea75b5d504020e3b63cfbc4ace97b8730d35c7b
  md5: e1eb10b1cca179f2baa3601e4efc8712
  depends:
  - ucrt >=10.0.20348.0
  - vc >=14.2,<15
  - vc14_runtime >=14.29.30139
  arch: x86_64
  platform: win
  license: LGPL-2.1-only
  size: 636146
  timestamp: 1702682547199
- conda: https://conda.anaconda.org/conda-forge/win-64/liblzma-5.6.3-h2466b09_1.conda
  sha256: 24d04bd55adfa44c421c99ce169df38cb1ad2bba5f43151bc847fc802496a1fa
  md5: 015b9c0bd1eef60729ab577a38aaf0b5
  depends:
  - ucrt >=10.0.20348.0
  - vc >=14.2,<15
  - vc14_runtime >=14.29.30139
  arch: x86_64
  platform: win
  license: 0BSD
  size: 104332
  timestamp: 1733407872569
- conda: https://conda.anaconda.org/conda-forge/win-64/libmpdec-4.0.0-h2466b09_0.conda
  sha256: fc529fc82c7caf51202cc5cec5bb1c2e8d90edbac6d0a4602c966366efe3c7bf
  md5: 74860100b2029e2523cf480804c76b9b
  depends:
  - ucrt >=10.0.20348.0
  - vc >=14.2,<15
  - vc14_runtime >=14.29.30139
  arch: x86_64
  platform: win
  license: BSD-2-Clause
  license_family: BSD
  size: 88657
  timestamp: 1723861474602
- conda: https://conda.anaconda.org/conda-forge/win-64/libsqlite-3.47.2-h67fdade_0.conda
  sha256: ecfc0182c3b2e63c870581be1fa0e4dbdfec70d2011cb4f5bde416ece26c41df
  md5: ff00095330e0d35a16bd3bdbd1a2d3e7
  depends:
  - ucrt >=10.0.20348.0
  - vc >=14.2,<15
  - vc14_runtime >=14.29.30139
  arch: x86_64
  platform: win
  license: Unlicense
  size: 891292
  timestamp: 1733762116902
- conda: https://conda.anaconda.org/conda-forge/win-64/libxml2-2.13.5-he286e8c_1.conda
  sha256: 084dd4dde342f13c43ee418d153ac5b2610f95be029073a15fa9dda22b130d06
  md5: 77eaa84f90fc90643c5a0be0aa9bdd1b
  depends:
  - libiconv >=1.17,<2.0a0
  - libzlib >=1.3.1,<2.0a0
  - ucrt >=10.0.20348.0
  - vc >=14.2,<15
  - vc14_runtime >=14.29.30139
  arch: x86_64
  platform: win
  license: MIT
  license_family: MIT
  size: 1612294
  timestamp: 1733443909984
- conda: https://conda.anaconda.org/conda-forge/win-64/libxslt-1.1.39-h3df6e99_0.conda
  sha256: 6e3d99466d2076c35e7ac8dcdfe604da3d593f55b74a5b8e96c2b2ff63c247aa
  md5: 279ee338c9b34871d578cb3c7aa68f70
  depends:
  - libxml2 >=2.12.1,<3.0.0a0
  - ucrt >=10.0.20348.0
  - vc >=14.2,<15
  - vc14_runtime >=14.29.30139
  arch: x86_64
  platform: win
  license: MIT
  license_family: MIT
  size: 418542
  timestamp: 1701629338549
- conda: https://conda.anaconda.org/conda-forge/win-64/libzlib-1.3.1-h2466b09_2.conda
  sha256: ba945c6493449bed0e6e29883c4943817f7c79cbff52b83360f7b341277c6402
  md5: 41fbfac52c601159df6c01f875de31b9
  depends:
  - ucrt >=10.0.20348.0
  - vc >=14.2,<15
  - vc14_runtime >=14.29.30139
  constrains:
  - zlib 1.3.1 *_2
  arch: x86_64
  platform: win
  license: Zlib
  license_family: Other
  size: 55476
  timestamp: 1727963768015
- conda: https://conda.anaconda.org/conda-forge/win-64/lxml-5.3.0-py313hd92aa1b_2.conda
  sha256: 7267dd9712a5ab082a565b63820824dee2abf2fc0f869db652e597f16cec18a3
  md5: c46faaff3b63982a0386c59b2ee138b8
  depends:
  - libxml2 >=2.12.7,<3.0a0
  - libxslt >=1.1.39,<2.0a0
  - libzlib >=1.3.1,<2.0a0
  - python >=3.13,<3.14.0a0
  - python_abi 3.13.* *_cp313
  - ucrt >=10.0.20348.0
  - vc >=14.2,<15
  - vc14_runtime >=14.29.30139
  arch: x86_64
  platform: win
  license: BSD-3-Clause and MIT-CMU
  size: 1049205
  timestamp: 1730194820486
- conda: https://conda.anaconda.org/conda-forge/win-64/openssl-3.4.0-h2466b09_0.conda
  sha256: e03045a0837e01ff5c75e9273a572553e7522290799807f918c917a9826a6484
  md5: d0d805d9b5524a14efb51b3bff965e83
  depends:
  - ca-certificates
  - ucrt >=10.0.20348.0
  - vc >=14.2,<15
  - vc14_runtime >=14.29.30139
  arch: x86_64
  platform: win
  license: Apache-2.0
  license_family: Apache
  size: 8491156
  timestamp: 1731379715927
- conda: https://conda.anaconda.org/conda-forge/noarch/packaging-24.2-pyhd8ed1ab_2.conda
  sha256: da157b19bcd398b9804c5c52fc000fcb8ab0525bdb9c70f95beaa0bb42f85af1
  md5: 3bfed7e6228ebf2f7b9eaa47f1b4e2aa
  depends:
  - python >=3.8
  license: Apache-2.0
  license_family: APACHE
  size: 60164
  timestamp: 1733203368787
- conda: https://conda.anaconda.org/conda-forge/noarch/parsel-1.9.1-pyhd8ed1ab_2.conda
  sha256: 73cb8186d3e95a6094dbc7f7cfd368b873b6455f09fa0a71e1cf738eaae61236
  md5: a8a6b8005932840bda00540b36536c21
  depends:
  - cssselect >=1.2.0
  - jmespath
  - lxml
  - packaging
  - python >=3.8
  - w3lib >=1.19.0
  license: BSD-3-Clause
  license_family: BSD
  size: 21645
  timestamp: 1714638079971
- conda: https://conda.anaconda.org/conda-forge/noarch/pip-24.3.1-pyh145f28c_2.conda
  sha256: 7a300e856215180d292f85d40708164cd19dfcdb521ecacb894daa81f13994d7
  md5: 76601b0ccfe1fe13a21a5f8813cb38de
  depends:
  - python >=3.13.0a0
  license: MIT
  license_family: MIT
  size: 1242403
  timestamp: 1734466282846
- conda: https://conda.anaconda.org/conda-forge/noarch/protego-0.3.1-pyhd8ed1ab_0.conda
  sha256: 390c6944b9cdd037ff8ea1efbcc394a17f8e65a36874dd5448a755800b37a86a
  md5: 61b9454cecfd84ccbe45c02ea1e21b88
  depends:
  - python >=3.8
  license: BSD-3-Clause-Clear
  size: 2401141
  timestamp: 1712316710049
- conda: https://conda.anaconda.org/conda-forge/noarch/pyasn1-0.6.1-pyhd8ed1ab_2.conda
  sha256: d06051df66e9ab753683d7423fcef873d78bb0c33bd112c3d5be66d529eddf06
  md5: 09bb17ed307ad6ab2fd78d32372fdd4e
  depends:
  - python >=3.9
  license: BSD-2-Clause
  license_family: BSD
  size: 62230
  timestamp: 1733217699113
- conda: https://conda.anaconda.org/conda-forge/noarch/pyasn1-modules-0.4.1-pyhd8ed1ab_1.conda
  sha256: 565e961fce215ccf14f863c3030eda5b83014489679d27166ff97144bf977810
  md5: 1c6476fdb96e6c3db6c3f7693cdba78e
  depends:
  - pyasn1 >=0.4.6,<0.7.0
  - python >=3.9
  license: BSD-2-Clause
  license_family: BSD
  size: 95825
  timestamp: 1733324693664
- conda: https://conda.anaconda.org/conda-forge/noarch/pycparser-2.22-pyh29332c3_1.conda
  sha256: 79db7928d13fab2d892592223d7570f5061c192f27b9febd1a418427b719acc6
  md5: 12c566707c80111f9799308d9e265aef
  depends:
  - python >=3.9
  - python
  license: BSD-3-Clause
  license_family: BSD
  size: 110100
  timestamp: 1733195786147
- conda: https://conda.anaconda.org/conda-forge/noarch/pydispatcher-2.0.5-py_1.tar.bz2
  sha256: f6cfe5a981cb713e3f54d4cb5bc2b51bf5cd096d09e5a550a83091d009adf9fa
  md5: 2929e4719e77db31b13f85592d277222
  depends:
  - python
  license: BSD 3-Clause
  license_family: BSD
  size: 12016
  timestamp: 1531795677086
- conda: https://conda.anaconda.org/conda-forge/noarch/pyopenssl-24.3.0-pyhd8ed1ab_0.conda
  sha256: a84489a5b4acf8af81dcf0b28542c7bb6362dc87990a51bf08e2fdeb51f4ee9f
  md5: 269109707b3810adce78b6afb2a82c80
  depends:
  - cryptography >=41.0.5,<45
  - python >=3.9
  license: Apache-2.0
  license_family: Apache
  size: 122676
  timestamp: 1733777485898
- conda: https://conda.anaconda.org/conda-forge/noarch/pysocks-1.7.1-pyh09c184e_7.conda
  sha256: d016e04b0e12063fbee4a2d5fbb9b39a8d191b5a0042f0b8459188aedeabb0ca
  md5: e2fd202833c4a981ce8a65974fe4abd1
  depends:
  - __win
  - python >=3.9
  - win_inet_pton
  license: BSD-3-Clause
  license_family: BSD
  size: 21784
  timestamp: 1733217448189
- conda: https://conda.anaconda.org/conda-forge/win-64/python-3.13.1-h071d269_102_cp313.conda
  build_number: 102
  sha256: ee41eda85ebc3a257a3b21a76d255d986b08a285d891e418cbfb70113ee14684
  md5: 70568ba8bbd5f0c7b830e690775eb8b7
  depends:
  - bzip2 >=1.0.8,<2.0a0
  - libexpat >=2.6.4,<3.0a0
  - libffi >=3.4,<4.0a0
  - liblzma >=5.6.3,<6.0a0
  - libmpdec >=4.0.0,<5.0a0
  - libsqlite >=3.47.0,<4.0a0
  - libzlib >=1.3.1,<2.0a0
  - openssl >=3.4.0,<4.0a0
  - python_abi 3.13.* *_cp313
  - tk >=8.6.13,<8.7.0a0
  - tzdata
  - ucrt >=10.0.20348.0
  - vc >=14.2,<15
  - vc14_runtime >=14.29.30139
  arch: x86_64
  platform: win
  license: Python-2.0
  size: 16753813
  timestamp: 1733433028707
- conda: https://conda.anaconda.org/conda-forge/win-64/python_abi-3.13-5_cp313.conda
  build_number: 5
  sha256: 0c12cc1b84962444002c699ed21e815fb9f686f950d734332a1b74d07db97756
  md5: 44b4fe6f22b57103afb2299935c8b68e
  constrains:
  - python 3.13.* *_cp313
  arch: x86_64
  platform: win
  license: BSD-3-Clause
  license_family: BSD
  size: 6716
  timestamp: 1723823166911
- conda: https://conda.anaconda.org/conda-forge/win-64/pywin32-307-py313h5813708_3.conda
  sha256: 0a68b324ea47ae720c62522c5d0bb5ea3e4987e1c5870d6490c7f954fbe14cbe
  md5: 7113bd6cfe34e80d8211f7c019d14357
  depends:
  - python >=3.13,<3.14.0a0
  - python_abi 3.13.* *_cp313
  - ucrt >=10.0.20348.0
  - vc >=14.2,<15
  - vc14_runtime >=14.29.30139
  arch: x86_64
  platform: win
  license: PSF-2.0
  license_family: PSF
  size: 6060096
  timestamp: 1728636763526
- conda: https://conda.anaconda.org/conda-forge/noarch/queuelib-1.7.0-pyhd8ed1ab_1.conda
  sha256: 75439385629529743e2d13620d16c856a60ec28738dbc9a0db11182ca8ff7e8d
  md5: ab447b7488753a95c173402274d3c3ac
  depends:
  - python >=3.8
  license: BSD-3-Clause
  license_family: BSD
  size: 17121
  timestamp: 1714989498690
- conda: https://conda.anaconda.org/conda-forge/noarch/requests-2.32.3-pyhd8ed1ab_1.conda
  sha256: d701ca1136197aa121bbbe0e8c18db6b5c94acbd041c2b43c70e5ae104e1d8ad
  md5: a9b9368f3701a417eac9edbcae7cb737
  depends:
  - certifi >=2017.4.17
  - charset-normalizer >=2,<4
  - idna >=2.5,<4
  - python >=3.9
  - urllib3 >=1.21.1,<3
  constrains:
  - chardet >=3.0.2,<6
  license: Apache-2.0
  license_family: APACHE
  size: 58723
  timestamp: 1733217126197
- conda: https://conda.anaconda.org/conda-forge/noarch/requests-file-2.1.0-pyhd8ed1ab_1.conda
  sha256: f053df08f961ee7ad0e061cb2c29ef0e3b55196de63b9bb05fa5367e4b498cca
  md5: 69be0472744969b97324d5d3b21845a9
  depends:
  - python >=3.9
  - requests >=1.0.0
  license: Apache-2.0
  license_family: APACHE
  size: 10303
  timestamp: 1734343847489
- conda: https://conda.anaconda.org/conda-forge/win-64/scrapy-2.12.0-py313hfa70ccb_1.conda
  sha256: d81c1810eb56d81231fc699955fc778373f4c32f88b4edab28ccb3164cc17b5c
  md5: 863082a534c5c0e19fafe576a442ae23
  depends:
  - cryptography >=37.0.0
  - cssselect >=0.9.1
  - defusedxml >=0.7.1
  - itemadapter >=0.1.0
  - itemloaders >=1.0.1
  - lxml >=4.6.0
  - packaging
  - parsel >=1.5.0
  - protego >=0.1.15
  - pydispatcher >=2.0.5
  - pyopenssl >=22.0.0
  - python >=3.13,<3.14.0a0
  - python_abi 3.13.* *_cp313
  - pywin32
  - queuelib >=1.4.2
  - service_identity >=18.1.0
  - tldextract
  - twisted >=21.7.0
  - w3lib >=1.17.0
  - zope.interface >=5.1.0
  arch: x86_64
  platform: win
  license: BSD-3-Clause-Clear
  size: 1061788
  timestamp: 1732089990178
- conda: https://conda.anaconda.org/conda-forge/noarch/service-identity-24.2.0-pyha770c72_1.conda
  sha256: 7d99c6f72ed8a883fba3a04c108288f4e7320e86ea7e86d8821f071cb33190af
  md5: 019e3e9f833650d6607b8f3120d5e972
  depends:
  - attrs >=19.1.0
  - cryptography
  - pyasn1
  - pyasn1-modules
  - python >=3.9
  constrains:
  - service_identity >=24.2.0,<24.2.1.0a0
  license: MIT
  license_family: MIT
  size: 16095
  timestamp: 1733366837887
- conda: https://conda.anaconda.org/conda-forge/noarch/service_identity-24.2.0-hd8ed1ab_1.conda
  sha256: ef233188a3f189b2a17e555ab2d18d378f314225f51b98d206aa3bf7d0acc1ff
  md5: 63d544814ef570ae86af81f8ce7d05ad
  depends:
  - service-identity >=24.2.0,<24.2.1.0a0
  license: MIT
  license_family: MIT
  size: 6619
  timestamp: 1733366838839
- conda: https://conda.anaconda.org/conda-forge/noarch/setuptools-75.6.0-pyhff2d567_1.conda
  sha256: abb12e1dd515b13660aacb5d0fd43835bc2186cab472df25b7716cd65e095111
  md5: fc80f7995e396cbaeabd23cf46c413dc
  depends:
  - python >=3.9
  license: MIT
  license_family: MIT
  size: 774252
  timestamp: 1732632769210
- conda: https://conda.anaconda.org/conda-forge/noarch/six-1.17.0-pyhd8ed1ab_0.conda
  sha256: 41db0180680cc67c3fa76544ffd48d6a5679d96f4b71d7498a759e94edc9a2db
  md5: a451d576819089b0d672f18768be0f65
  depends:
  - python >=3.9
  license: MIT
  license_family: MIT
  size: 16385
  timestamp: 1733381032766
- conda: https://conda.anaconda.org/conda-forge/win-64/tk-8.6.13-h5226925_1.conda
  sha256: 2c4e914f521ccb2718946645108c9bd3fc3216ba69aea20c2c3cedbd8db32bb1
  md5: fc048363eb8f03cd1737600a5d08aafe
  depends:
  - ucrt >=10.0.20348.0
  - vc >=14.2,<15
  - vc14_runtime >=14.29.30139
  arch: x86_64
  platform: win
  license: TCL
  license_family: BSD
  size: 3503410
  timestamp: 1699202577803
- conda: https://conda.anaconda.org/conda-forge/noarch/tldextract-5.1.3-pyhd8ed1ab_1.conda
  sha256: 577ed92f94b5d0f03da6e38965d4aae34cb9fbe036c36d3526265f8c3ba32970
  md5: 8650014afe51b033140baabb65ac20fb
  depends:
  - filelock >=3.0.8
  - idna
  - python >=3.9
  - requests >=2.1.0
  - requests-file >=1.4
  license: BSD-3-Clause
  size: 99218
  timestamp: 1734704850118
- conda: https://conda.anaconda.org/conda-forge/noarch/tomli-2.2.1-pyhd8ed1ab_1.conda
  sha256: 18636339a79656962723077df9a56c0ac7b8a864329eb8f847ee3d38495b863e
  md5: ac944244f1fed2eb49bae07193ae8215
  depends:
  - python >=3.9
  license: MIT
  license_family: MIT
  size: 19167
  timestamp: 1733256819729
- conda: https://conda.anaconda.org/conda-forge/win-64/twisted-24.11.0-py313ha7868ed_0.conda
  sha256: 49bf8b2033a60aef7cb52b6a85ba18c4ce101a44f3fd12b6f58e03b1031aa362
  md5: 2dd786ffe753e5de4e9b724a387ae5fb
  depends:
  - appdirs >=1.4.0
  - attrs >=19.2.0
  - automat >=0.8.0
  - bcrypt >=3.0.0
  - constantly >=15.1
  - cryptography >=2.6
  - hyperlink >=17.1.1
  - idna >=2.4
  - incremental >=21.3.0
  - pip
  - pyasn1
  - pyopenssl >=23.2.0
  - python >=3.13,<3.14.0a0
  - python_abi 3.13.* *_cp313
  - pywin32
  - service_identity >=18.1.0
  - twisted-iocpsupport >=1.0.2,<2
  - typing-extensions >=3.6.5
  - ucrt >=10.0.20348.0
  - vc >=14.2,<15
  - vc14_runtime >=14.29.30139
  - zope.interface >=4.4.2
  constrains:
  - h2 >=3.0,<5.0
  - priority >=1.1.0,<2.0
  - pyserial >=3.0
  arch: x86_64
  platform: win
  license: MIT
  license_family: MIT
  size: 6505783
  timestamp: 1733168780435
- conda: https://conda.anaconda.org/conda-forge/win-64/twisted-iocpsupport-1.0.4-py313ha7868ed_2.conda
  sha256: 6b70834bfed0bf63a8ceedef4a805afa312d96b336da94220a1b66369682d85a
  md5: 4c48982096124c35d17f66260ee9dccc
  depends:
  - python >=3.13.0rc2,<3.14.0a0
  - python_abi 3.13.* *_cp313
  - ucrt >=10.0.20348.0
  - vc >=14.2,<15
  - vc14_runtime >=14.29.30139
  arch: x86_64
  platform: win
  license: MIT
  license_family: MIT
  size: 49379
  timestamp: 1727029229942
- conda: https://conda.anaconda.org/conda-forge/noarch/typing-extensions-4.12.2-hd8ed1ab_1.conda
  noarch: python
  sha256: c8e9c1c467b5f960b627d7adc1c65fece8e929a3de89967e91ef0f726422fd32
  md5: b6a408c64b78ec7b779a3e5c7a902433
  depends:
  - typing_extensions 4.12.2 pyha770c72_1
  license: PSF-2.0
  license_family: PSF
  size: 10075
  timestamp: 1733188758872
- conda: https://conda.anaconda.org/conda-forge/noarch/typing_extensions-4.12.2-pyha770c72_1.conda
  sha256: 337be7af5af8b2817f115b3b68870208b30c31d3439bec07bfb2d8f4823e3568
  md5: d17f13df8b65464ca316cbc000a3cb64
  depends:
  - python >=3.9
  license: PSF-2.0
  license_family: PSF
  size: 39637
  timestamp: 1733188758212
- conda: https://conda.anaconda.org/conda-forge/noarch/tzdata-2024b-hc8b5060_0.conda
  sha256: 4fde5c3008bf5d2db82f2b50204464314cc3c91c1d953652f7bd01d9e52aefdf
  md5: 8ac3367aafb1cc0a068483c580af8015
  license: LicenseRef-Public-Domain
  size: 122354
  timestamp: 1728047496079
- conda: https://conda.anaconda.org/conda-forge/win-64/ucrt-10.0.22621.0-h57928b3_1.conda
  sha256: db8dead3dd30fb1a032737554ce91e2819b43496a0db09927edf01c32b577450
  md5: 6797b005cd0f439c4c5c9ac565783700
  constrains:
  - vs2015_runtime >=14.29.30037
  arch: x86_64
  platform: win
  license: LicenseRef-MicrosoftWindowsSDK10
  size: 559710
  timestamp: 1728377334097
- conda: https://conda.anaconda.org/conda-forge/noarch/urllib3-2.3.0-pyhd8ed1ab_0.conda
  sha256: 114919ffa80c328127dab9c8e7a38f9d563c617691fb81fccb11c1e86763727e
  md5: 32674f8dbfb7b26410ed580dd3c10a29
  depends:
  - brotli-python >=1.0.9
  - h2 >=4,<5
  - pysocks >=1.5.6,<2.0,!=1.5.7
  - python >=3.9
  - zstandard >=0.18.0
  license: MIT
  license_family: MIT
  size: 100102
  timestamp: 1734859520452
- conda: https://conda.anaconda.org/conda-forge/win-64/vc-14.3-ha32ba9b_23.conda
  sha256: 986ddaf8feec2904eac9535a7ddb7acda1a1dfb9482088fdb8129f1595181663
  md5: 7c10ec3158d1eb4ddff7007c9101adb0
  depends:
  - vc14_runtime >=14.38.33135
  arch: x86_64
  platform: win
  track_features:
  - vc14
  license: BSD-3-Clause
  license_family: BSD
  size: 17479
  timestamp: 1731710827215
- conda: https://conda.anaconda.org/conda-forge/win-64/vc14_runtime-14.42.34433-he29a5d6_23.conda
  sha256: c483b090c4251a260aba6ff3e83a307bcfb5fb24ad7ced872ab5d02971bd3a49
  md5: 32b37d0cfa80da34548501cdc913a832
  depends:
  - ucrt >=10.0.20348.0
  constrains:
  - vs2015_runtime 14.42.34433.* *_23
  arch: x86_64
  platform: win
  license: LicenseRef-MicrosoftVisualCpp2015-2022Runtime
  license_family: Proprietary
  size: 754247
  timestamp: 1731710681163
- conda: https://conda.anaconda.org/conda-forge/win-64/vs2015_runtime-14.42.34433-hdffcdeb_23.conda
  sha256: 568ce8151eaae256f1cef752fc78651ad7a86ff05153cc7a4740b52ae6536118
  md5: 5c176975ca2b8366abad3c97b3cd1e83
  depends:
  - vc14_runtime >=14.42.34433
  arch: x86_64
  platform: win
  license: BSD-3-Clause
  license_family: BSD
  size: 17572
  timestamp: 1731710685291
- conda: https://conda.anaconda.org/conda-forge/noarch/w3lib-2.2.1-pyhd8ed1ab_0.conda
  sha256: b37c7f62da542f53407ba5463a0c8292cd0ec23d7c04eb2aaeb75b342f52e6af
  md5: 725eff0e95be7da6adf40ba01c6e6995
  depends:
  - python >=3.7
  - six
  license: BSD-3-Clause
  license_family: BSD
  size: 25695
  timestamp: 1718193980247
- conda: https://conda.anaconda.org/conda-forge/noarch/win_inet_pton-1.1.0-pyh7428d3b_8.conda
  sha256: 93807369ab91f230cf9e6e2a237eaa812492fe00face5b38068735858fba954f
  md5: 46e441ba871f524e2b067929da3051c2
  depends:
  - __win
  - python >=3.9
  license: LicenseRef-Public-Domain
  size: 9555
  timestamp: 1733130678956
- conda: https://conda.anaconda.org/conda-forge/win-64/zope.interface-7.2-py313ha7868ed_0.conda
  sha256: 571d352d33cb78207dbaa5e12fccd393938286bd038ef1246c275d1c08afe1da
  md5: 4b5c1ff666a2ad9256079e0cd8a0d302
  depends:
  - python >=3.13,<3.14.0a0
  - python_abi 3.13.* *_cp313
  - setuptools
  - ucrt >=10.0.20348.0
  - vc >=14.2,<15
  - vc14_runtime >=14.29.30139
  arch: x86_64
  platform: win
  license: ZPL-2.1
  license_family: Other
  size: 394922
  timestamp: 1732795173293
- conda: https://conda.anaconda.org/conda-forge/win-64/zstandard-0.23.0-py313h574b89f_1.conda
  sha256: 1d2744ec0e91da267ce749e19142081472539cb140a7dad0646cd249246691fe
  md5: 8e017aca933f4dd25491151edd3e7820
  depends:
  - cffi >=1.11
  - python >=3.13.0rc1,<3.14.0a0
  - python_abi 3.13.* *_cp313
  - ucrt >=10.0.20348.0
  - vc >=14.2,<15
  - vc14_runtime >=14.29.30139
  - zstd >=1.5.6,<1.5.7.0a0
  - zstd >=1.5.6,<1.6.0a0
  arch: x86_64
  platform: win
  license: BSD-3-Clause
  license_family: BSD
  size: 325703
  timestamp: 1725305947138
- conda: https://conda.anaconda.org/conda-forge/win-64/zstd-1.5.6-h0ea2cb4_0.conda
  sha256: 768e30dc513568491818fb068ee867c57c514b553915536da09e5d10b4ebf3c3
  md5: 9a17230f95733c04dc40a2b1e5491d74
  depends:
  - libzlib >=1.2.13,<2.0.0a0
  - ucrt >=10.0.20348.0
  - vc >=14.2,<15
  - vc14_runtime >=14.29.30139
  arch: x86_64
  platform: win
  license: BSD-3-Clause
  license_family: BSD
  size: 349143
  timestamp: 1714723445995
